Microsoft Visual Studio Solution File, Format Version 12.00
# Visual Studio 15
VisualStudioVersion = 15.0.26124.0
MinimumVisualStudioVersion = 15.0.26124.0
Project("{9A19103F-16F7-4668-BE54-9A1E7A4F7556}") = "CoreApp.Tests", "CoreApp.Tests\CoreApp.Tests.csproj", "{BE71A545-B8C5-4833-A00D-563C3D1D2CB8}"
EndProject
Project("{9A19103F-16F7-4668-BE54-9A1E7A4F7556}") = "CoreApp.Api", "CoreApp.Api\CoreApp.Api.csproj", "{E3DC9504-0CB4-452E-9A25-25B64A890A03}"
EndProject
Project("{E53339B2-1760-4266-BCC7-CA923CBCF16C}") = "docker-compose", "docker-compose.dcproj", "{3289C5F6-E68E-41A9-BBC6-A2500162D0FB}"
EndProject
Global
	GlobalSection(SolutionConfigurationPlatforms) = preSolution
		Debug|Any CPU = Debug|Any CPU
		Debug|x64 = Debug|x64
		Debug|x86 = Debug|x86
		Release|Any CPU = Release|Any CPU
		Release|x64 = Release|x64
		Release|x86 = Release|x86
	EndGlobalSection
	GlobalSection(ProjectConfigurationPlatforms) = postSolution
		{BE71A545-B8C5-4833-A00D-563C3D1D2CB8}.Debug|Any CPU.ActiveCfg = Debug|Any CPU
		{BE71A545-B8C5-4833-A00D-563C3D1D2CB8}.Debug|Any CPU.Build.0 = Debug|Any CPU
		{BE71A545-B8C5-4833-A00D-563C3D1D2CB8}.Debug|x64.ActiveCfg = Debug|Any CPU
		{BE71A545-B8C5-4833-A00D-563C3D1D2CB8}.Debug|x64.Build.0 = Debug|Any CPU
		{BE71A545-B8C5-4833-A00D-563C3D1D2CB8}.Debug|x86.ActiveCfg = Debug|Any CPU
		{BE71A545-B8C5-4833-A00D-563C3D1D2CB8}.Debug|x86.Build.0 = Debug|Any CPU
		{BE71A545-B8C5-4833-A00D-563C3D1D2CB8}.Release|Any CPU.ActiveCfg = Release|Any CPU
		{BE71A545-B8C5-4833-A00D-563C3D1D2CB8}.Release|Any CPU.Build.0 = Release|Any CPU
		{BE71A545-B8C5-4833-A00D-563C3D1D2CB8}.Release|x64.ActiveCfg = Release|Any CPU
		{BE71A545-B8C5-4833-A00D-563C3D1D2CB8}.Release|x64.Build.0 = Release|Any CPU
		{BE71A545-B8C5-4833-A00D-563C3D1D2CB8}.Release|x86.ActiveCfg = Release|Any CPU
		{BE71A545-B8C5-4833-A00D-563C3D1D2CB8}.Release|x86.Build.0 = Release|Any CPU
		{E3DC9504-0CB4-452E-9A25-25B64A890A03}.Debug|Any CPU.ActiveCfg = Debug|Any CPU
		{E3DC9504-0CB4-452E-9A25-25B64A890A03}.Debug|Any CPU.Build.0 = Debug|Any CPU
		{E3DC9504-0CB4-452E-9A25-25B64A890A03}.Debug|x64.ActiveCfg = Debug|Any CPU
		{E3DC9504-0CB4-452E-9A25-25B64A890A03}.Debug|x64.Build.0 = Debug|Any CPU
		{E3DC9504-0CB4-452E-9A25-25B64A890A03}.Debug|x86.ActiveCfg = Debug|Any CPU
		{E3DC9504-0CB4-452E-9A25-25B64A890A03}.Debug|x86.Build.0 = Debug|Any CPU
		{E3DC9504-0CB4-452E-9A25-25B64A890A03}.Release|Any CPU.ActiveCfg = Release|Any CPU
		{E3DC9504-0CB4-452E-9A25-25B64A890A03}.Release|Any CPU.Build.0 = Release|Any CPU
		{E3DC9504-0CB4-452E-9A25-25B64A890A03}.Release|x64.ActiveCfg = Release|Any CPU
		{E3DC9504-0CB4-452E-9A25-25B64A890A03}.Release|x64.Build.0 = Release|Any CPU
		{E3DC9504-0CB4-452E-9A25-25B64A890A03}.Release|x86.ActiveCfg = Release|Any CPU
		{E3DC9504-0CB4-452E-9A25-25B64A890A03}.Release|x86.Build.0 = Release|Any CPU
		{3289C5F6-E68E-41A9-BBC6-A2500162D0FB}.Debug|Any CPU.ActiveCfg = Debug|Any CPU
		{3289C5F6-E68E-41A9-BBC6-A2500162D0FB}.Debug|Any CPU.Build.0 = Debug|Any CPU
		{3289C5F6-E68E-41A9-BBC6-A2500162D0FB}.Debug|x64.ActiveCfg = Debug|Any CPU
		{3289C5F6-E68E-41A9-BBC6-A2500162D0FB}.Debug|x64.Build.0 = Debug|Any CPU
		{3289C5F6-E68E-41A9-BBC6-A2500162D0FB}.Debug|x86.ActiveCfg = Debug|Any CPU
		{3289C5F6-E68E-41A9-BBC6-A2500162D0FB}.Debug|x86.Build.0 = Debug|Any CPU
		{3289C5F6-E68E-41A9-BBC6-A2500162D0FB}.Release|Any CPU.ActiveCfg = Release|Any CPU
		{3289C5F6-E68E-41A9-BBC6-A2500162D0FB}.Release|Any CPU.Build.0 = Release|Any CPU
		{3289C5F6-E68E-41A9-BBC6-A2500162D0FB}.Release|x64.ActiveCfg = Release|Any CPU
		{3289C5F6-E68E-41A9-BBC6-A2500162D0FB}.Release|x64.Build.0 = Release|Any CPU
		{3289C5F6-E68E-41A9-BBC6-A2500162D0FB}.Release|x86.ActiveCfg = Release|Any CPU
		{3289C5F6-E68E-41A9-BBC6-A2500162D0FB}.Release|x86.Build.0 = Release|Any CPU
	EndGlobalSection
	GlobalSection(SolutionProperties) = preSolution
		HideSolutionNode = FALSE
	EndGlobalSection
	GlobalSection(ExtensibilityGlobals) = postSolution
		SolutionGuid = {13E7FA1F-5BE6-46A9-8C6A-F8423D876613}
	EndGlobalSection
EndGlobal
